PODS:
  - Alamofire (4.3.0)
  - AlamofireObjectMapper (4.0.1):
    - Alamofire (~> 4.1)
    - ObjectMapper (~> 2.0)
  - DateToolsSwift (2.0.0)
  - ObjectMapper (2.2.2)
  - PromiseKit (4.1.7):
    - PromiseKit/Foundation (= 4.1.7)
    - PromiseKit/QuartzCore (= 4.1.7)
    - PromiseKit/UIKit (= 4.1.7)
  - PromiseKit/CorePromise (4.1.7)
  - PromiseKit/Foundation (4.1.7):
    - PromiseKit/CorePromise
  - PromiseKit/QuartzCore (4.1.7):
    - PromiseKit/CorePromise
  - PromiseKit/UIKit (4.1.7):
    - PromiseKit/CorePromise

DEPENDENCIES:
  - AlamofireObjectMapper (~> 4.0)
  - DateToolsSwift (~> 2.0)
  - PromiseKit (~> 4.0)

SPEC CHECKSUMS:
  Alamofire: 856a113053a7bc9cbe5d6367a555d773fc5cfef7
  AlamofireObjectMapper: 842d2eed43a4d0593ff0110d54ac86a170c4519c
  DateToolsSwift: 27336736d877c8734159da1f37afbda2aa704649
  ObjectMapper: 9e385c2295bcc4e16eabbcfc85db801442bba545
  PromiseKit: 779f2e41faf62d854e7593026ddbcb0bb5c5002d

PODFILE CHECKSUM: fc574669dd16c287c40e8e4554b5d90df5bdd9c7

COCOAPODS: 1.2.0.beta.1
